
Microsoft Visual Studio Solution File, Format Version 12.00
# Visual Studio Version 16
VisualStudioVersion = 16.0.30907.101
MinimumVisualStudioVersion = 10.0.40219.1
Project("{9A19103F-16F7-4668-BE54-9A1E7A4F7556}") = "LoadGpxTry2.0", "LoadGpxTry2.0.csproj", "{FE167865-F99B-47FF-A1B3-4E39A33B1E06}"
EndProject
Global
	GlobalSection(SolutionConfigurationPlatforms) = preSolution
		Debug|Any CPU = Debug|Any CPU
		Release|Any CPU = Release|Any CPU
	EndGlobalSection
	GlobalSection(ProjectConfigurationPlatforms) = postSolution
		{FE167865-F99B-47FF-A1B3-4E39A33B1E06}.Debug|Any CPU.ActiveCfg = Debug|Any CPU
		{FE167865-F99B-47FF-A1B3-4E39A33B1E06}.Debug|Any CPU.Build.0 = Debug|Any CPU
		{FE167865-F99B-47FF-A1B3-4E39A33B1E06}.Release|Any CPU.ActiveCfg = Release|Any CPU
		{FE167865-F99B-47FF-A1B3-4E39A33B1E06}.Release|Any CPU.Build.0 = Release|Any CPU
	EndGlobalSection
	GlobalSection(SolutionProperties) = preSolution
		HideSolutionNode = FALSE
	EndGlobalSection
	GlobalSection(ExtensibilityGlobals) = postSolution
		SolutionGuid = {B0463366-9A4F-4FBB-8655-7331BC1D7207}
	EndGlobalSection
EndGlobal
